
Microsoft Visual Studio Solution File, Format Version 12.00
# Visual Studio Version 16
VisualStudioVersion = 16.0.30523.141
MinimumVisualStudioVersion = 10.0.40219.1
Project("{FAE04EC0-301F-11D3-BF4B-00C04F79EFBC}") = "ArtifactOfHaste", "ArtifactOfHaste\ArtifactOfHaste.csproj", "{B19D168E-6EBA-4B66-A537-894ACFB4F219}"
EndProject
Global
	GlobalSection(SolutionConfigurationPlatforms) = preSolution
		Debug|Any CPU = Debug|Any CPU
		Release|Any CPU = Release|Any CPU
	EndGlobalSection
	GlobalSection(ProjectConfigurationPlatforms) = postSolution
		{B19D168E-6EBA-4B66-A537-894ACFB4F219}.Debug|Any CPU.ActiveCfg = Debug|Any CPU
		{B19D168E-6EBA-4B66-A537-894ACFB4F219}.Debug|Any CPU.Build.0 = Debug|Any CPU
		{B19D168E-6EBA-4B66-A537-894ACFB4F219}.Release|Any CPU.ActiveCfg = Release|Any CPU
		{B19D168E-6EBA-4B66-A537-894ACFB4F219}.Release|Any CPU.Build.0 = Release|Any CPU
	EndGlobalSection
	GlobalSection(SolutionProperties) = preSolution
		HideSolutionNode = FALSE
	EndGlobalSection
	GlobalSection(ExtensibilityGlobals) = postSolution
		SolutionGuid = {BB77CF8A-B776-48D3-A57E-676613672B20}
	EndGlobalSection
EndGlobal
